
Microsoft Visual Studio Solution File, Format Version 12.00
# Visual Studio 15
VisualStudioVersion = 15.0.28307.136
MinimumVisualStudioVersion = 10.0.40219.1
Project("{F2A71F9B-5D33-465A-A702-920D77279786}") = "WebAutomation", "WebAutomation\WebAutomation.fsproj", "{F025047A-F370-4DD0-BAF9-60624AECA9EE}"
EndProject
Global
	GlobalSection(SolutionConfigurationPlatforms) = preSolution
		Debug|Any CPU = Debug|Any CPU
		Release|Any CPU = Release|Any CPU
	EndGlobalSection
	GlobalSection(ProjectConfigurationPlatforms) = postSolution
		{F025047A-F370-4DD0-BAF9-60624AECA9EE}.Debug|Any CPU.ActiveCfg = Debug|Any CPU
		{F025047A-F370-4DD0-BAF9-60624AECA9EE}.Debug|Any CPU.Build.0 = Debug|Any CPU
		{F025047A-F370-4DD0-BAF9-60624AECA9EE}.Release|Any CPU.ActiveCfg = Release|Any CPU
		{F025047A-F370-4DD0-BAF9-60624AECA9EE}.Release|Any CPU.Build.0 = Release|Any CPU
	EndGlobalSection
	GlobalSection(SolutionProperties) = preSolution
		HideSolutionNode = FALSE
	EndGlobalSection
	GlobalSection(ExtensibilityGlobals) = postSolution
		SolutionGuid = {A781CF86-3383-45C2-AB6A-DDB0BAD20E0B}
	EndGlobalSection
EndGlobal
